
Microsoft Visual Studio Solution File, Format Version 12.00
# Visual Studio Version 17
VisualStudioVersion = 17.8.34330.188
MinimumVisualStudioVersion = 10.0.40219.1
Project("{FAE04EC0-301F-11D3-BF4B-00C04F79EFBC}") = "WebApiSolution", "WebApiSolution\WebApiSolution.csproj", "{E10D78C2-C659-4191-97B1-03025A8CE4BD}"
EndProject
Global
	GlobalSection(SolutionConfigurationPlatforms) = preSolution
		Debug|Any CPU = Debug|Any CPU
		Release|Any CPU = Release|Any CPU
	EndGlobalSection
	GlobalSection(ProjectConfigurationPlatforms) = postSolution
		{E10D78C2-C659-4191-97B1-03025A8CE4BD}.Debug|Any CPU.ActiveCfg = Debug|Any CPU
		{E10D78C2-C659-4191-97B1-03025A8CE4BD}.Debug|Any CPU.Build.0 = Debug|Any CPU
		{E10D78C2-C659-4191-97B1-03025A8CE4BD}.Release|Any CPU.ActiveCfg = Release|Any CPU
		{E10D78C2-C659-4191-97B1-03025A8CE4BD}.Release|Any CPU.Build.0 = Release|Any CPU
	EndGlobalSection
	GlobalSection(SolutionProperties) = preSolution
		HideSolutionNode = FALSE
	EndGlobalSection
	GlobalSection(ExtensibilityGlobals) = postSolution
		SolutionGuid = {CC2747EE-7B4A-4918-BEAD-3C02660C57E8}
	EndGlobalSection
EndGlobal
